// !$*UTF8*$!
{
	archiveVersion = 1;
	classes = {
	};
	objectVersion = 50;
	objects = {

/* Begin PBXBuildFile section */
		30E8B578228F995F00C92546 /* AppDelegate.swift in Sources */ = {isa = PBXBuildFile; fileRef = 30E8B577228F995F00C92546 /* AppDelegate.swift */; };
		30E8B57A228F995F00C92546 /* ViewController.swift in Sources */ = {isa = PBXBuildFile; fileRef = 30E8B579228F995F00C92546 /* ViewController.swift */; };
		30E8B57D228F995F00C92546 /* Main.storyboard in Resources */ = {isa = PBXBuildFile; fileRef = 30E8B57B228F995F00C92546 /* Main.storyboard */; };
		30E8B580228F995F00C92546 /* cityTable.xcdatamodeld in Sources */ = {isa = PBXBuildFile; fileRef = 30E8B57E228F995F00C92546 /* cityTable.xcdatamodeld */; };
		30E8B582228F995F00C92546 /* Assets.xcassets in Resources */ = {isa = PBXBuildFile; fileRef = 30E8B581228F995F00C92546 /* Assets.xcassets */; };
		30E8B585228F995F00C92546 /* LaunchScreen.storyboard in Resources */ = {isa = PBXBuildFile; fileRef = 30E8B583228F995F00C92546 /* LaunchScreen.storyboard */; };
/* End PBXBuildFile section */

/* Begin PBXFileReference section */
		30E8B574228F995F00C92546 /* cityTable.app */ = {isa = PBXFileReference; explicitFileType = wrapper.application; includeInIndex = 0; path = cityTable.app; sourceTree = BUILT_PRODUCTS_DIR; };
		30E8B577228F995F00C92546 /* AppDelegate.swift */ = {isa = PBXFileReference; lastKnownFileType = sourcecode.swift; path = AppDelegate.swift; sourceTree = "<group>"; };
		30E8B579228F995F00C92546 /* ViewController.swift */ = {isa = PBXFileReference; lastKnownFileType = sourcecode.swift; path = ViewController.swift; sourceTree = "<group>"; };
		30E8B57C228F995F00C92546 /* Base */ = {isa = PBXFileReference; lastKnownFileType = file.storyboard; name = Base; path = Base.lproj/Main.storyboard; sourceTree = "<group>"; };
		30E8B57F228F995F00C92546 /* cityTable.xcdatamodel */ = {isa = PBXFileReference; lastKnownFileType = wrapper.xcdatamodel; path = cityTable.xcdatamodel; sourceTree = "<group>"; };
		30E8B581228F995F00C92546 /* Assets.xcassets */ = {isa = PBXFileReference; lastKnownFileType = folder.assetcatalog; path = Assets.xcassets; sourceTree = "<group>"; };
		30E8B584228F995F00C92546 /* Base */ = {isa = PBXFileReference; lastKnownFileType = file.storyboard; name = Base; path = Base.lproj/LaunchScreen.storyboard; sourceTree = "<group>"; };
		30E8B586228F995F00C92546 /* Info.plist */ = {isa = PBXFileReference; lastKnownFileType = text.plist.xml; path = Info.plist; sourceTree = "<group>"; };
/* End PBXFileReference section */

/* Begin PBXFrameworksBuildPhase section */
		30E8B571228F995F00C92546 /* Frameworks */ = {
			isa = PBXFrameworksBuildPhase;
			buildActionMask = 2147483647;
			files = (
			);
			runOnlyForDeploymentPostprocessing = 0;
		};
/* End PBXFrameworksBuildPhase section */

/* Begin PBXGroup section */
		30E8B56B228F995F00C92546 = {
			isa = PBXGroup;
			children = (
				30E8B576228F995F00C92546 /* cityTable */,
				30E8B575228F995F00C92546 /* Products */,
			);
			sourceTree = "<group>";
		};
		30E8B575228F995F00C92546 /* Products */ = {
			isa = PBXGroup;
			children = (
				30E8B574228F995F00C92546 /* cityTable.app */,
			);
			name = Products;
			sourceTree = "<group>";
		};
		30E8B576228F995F00C92546 /* cityTable */ = {
			isa = PBXGroup;
			children = (
				30E8B577228F995F00C92546 /* AppDelegate.swift */,
				30E8B579228F995F00C92546 /* ViewController.swift */,
				30E8B57B228F995F00C92546 /* Main.storyboard */,
				30E8B581228F995F00C92546 /* Assets.xcassets */,
				30E8B583228F995F00C92546 /* LaunchScreen.storyboard */,
				30E8B586228F995F00C92546 /* Info.plist */,
				30E8B57E228F995F00C92546 /* cityTable.xcdatamodeld */,
			);
			path = cityTable;
			sourceTree = "<group>";
		};
/* End PBXGroup section */

/* Begin PBXNativeTarget section */
		30E8B573228F995F00C92546 /* cityTable */ = {
			isa = PBXNativeTarget;
			buildConfigurationList = 30E8B589228F995F00C92546 /* Build configuration list for PBXNativeTarget "cityTable" */;
			buildPhases = (
				30E8B570228F995F00C92546 /* Sources */,
				30E8B571228F995F00C92546 /* Frameworks */,
				30E8B572228F995F00C92546 /* Resources */,
			);
			buildRules = (
			);
			dependencies = (
			);
			name = cityTable;
			productName = cityTable;
			productReference = 30E8B574228F995F00C92546 /* cityTable.app */;
			productType = "com.apple.product-type.application";
		};
/* End PBXNativeTarget section */

/* Begin PBXProject section */
		30E8B56C228F995F00C92546 /* Project object */ = {
			isa = PBXProject;
			attributes = {
				LastSwiftUpdateCheck = 1020;
				LastUpgradeCheck = 1020;
				ORGANIZATIONNAME = "曹相成";
				TargetAttributes = {
					30E8B573228F995F00C92546 = {
						CreatedOnToolsVersion = 10.2.1;
					};
				};
			};
			buildConfigurationList = 30E8B56F228F995F00C92546 /* Build configuration list for PBXProject "cityTable" */;
			compatibilityVersion = "Xcode 9.3";
			developmentRegion = en;
			hasScannedForEncodings = 0;
			knownRegions = (
				en,
				Base,
			);
			mainGroup = 30E8B56B228F995F00C92546;
			productRefGroup = 30E8B575228F995F00C92546 /* Products */;
			projectDirPath = "";
			projectRoot = "";
			targets = (
				30E8B573228F995F00C92546 /* cityTable */,
			);
		};
/* End PBXProject section */

/* Begin PBXResourcesBuildPhase section */
		30E8B572228F995F00C92546 /* Resources */ = {
			isa = PBXResourcesBuildPhase;
			buildActionMask = 2147483647;
			files = (
				30E8B585228F995F00C92546 /* LaunchScreen.storyboard in Resources */,
				30E8B582228F995F00C92546 /* Assets.xcassets in Resources */,
				30E8B57D228F995F00C92546 /* Main.storyboard in Resources */,
			);
			runOnlyForDeploymentPostprocessing = 0;
		};
/* End PBXResourcesBuildPhase section */

/* Begin PBXSourcesBuildPhase section */
		30E8B570228F995F00C92546 /* Sources */ = {
			isa = PBXSourcesBuildPhase;
			buildActionMask = 2147483647;
			files = (
				30E8B57A228F995F00C92546 /* ViewController.swift in Sources */,
				30E8B578228F995F00C92546 /* AppDelegate.swift in Sources */,
				30E8B580228F995F00C92546 /* cityTable.xcdatamodeld in Sources */,
			);
			runOnlyForDeploymentPostprocessing = 0;
		};
/* End PBXSourcesBuildPhase section */

/* Begin PBXVariantGroup section */
		30E8B57B228F995F00C92546 /* Main.storyboard */ = {
			isa = PBXVariantGroup;
			children = (
				30E8B57C228F995F00C92546 /* Base */,
			);
			name = Main.storyboard;
			sourceTree = "<group>";
		};
		30E8B583228F995F00C92546 /* LaunchScreen.storyboard */ = {
			isa = PBXVariantGroup;
			children = (
				30E8B584228F995F00C92546 /* Base */,
			);
			name = LaunchScreen.storyboard;
			sourceTree = "<group>";
		};
/* End PBXVariantGroup section */

/* Begin XCBuildConfiguration section */
		30E8B587228F995F00C92546 /* Debug */ = {
			isa = XCBuildConfiguration;
			buildSettings = {
				ALWAYS_SEARCH_USER_PATHS = NO;
				CLANG_ANALYZER_NONNULL = YES;
				CLANG_ANALYZER_NUMBER_OBJECT_CONVERSION = YES_AGGRESSIVE;
				CLANG_CXX_LANGUAGE_STANDARD = "gnu++14";
				CLANG_CXX_LIBRARY = "libc++";
				CLANG_ENABLE_MODULES = YES;
				CLANG_ENABLE_OBJC_ARC = YES;
				CLANG_ENABLE_OBJC_WEAK = YES;
				CLANG_WARN_BLOCK_CAPTURE_AUTORELEASING = YES;
				CLANG_WARN_BOOL_CONVERSION = YES;
				CLANG_WARN_COMMA = YES;
				CLANG_WARN_CONSTANT_CONVERSION = YES;
				CLANG_WARN_DEPRECATED_OBJC_IMPLEMENTATIONS = YES;
				CLANG_WARN_DIRECT_OBJC_ISA_USAGE = YES_ERROR;
				CLANG_WARN_DOCUMENTATION_COMMENTS = YES;
				CLANG_WARN_EMPTY_BODY = YES;
				CLANG_WARN_ENUM_CONVERSION = YES;
				CLANG_WARN_INFINITE_RECURSION = YES;
				CLANG_WARN_INT_CONVERSION = YES;
				CLANG_WARN_NON_LITERAL_NULL_CONVERSION = YES;
				CLANG_WARN_OBJC_IMPLICIT_RETAIN_SELF = YES;
				CLANG_WARN_OBJC_LITERAL_CONVERSION = YES;
				CLANG_WARN_OBJC_ROOT_CLASS = YES_ERROR;
				CLANG_WARN_RANGE_LOOP_ANALYSIS = YES;
				CLANG_WARN_STRICT_PROTOTYPES = YES;
				CLANG_WARN_SUSPICIOUS_MOVE = YES;
				CLANG_WARN_UNGUARDED_AVAILABILITY = YES_AGGRESSIVE;
				CLANG_WARN_UNREACHABLE_CODE = YES;
				CLANG_WARN__DUPLICATE_METHOD_MATCH = YES;
				CODE_SIGN_IDENTITY = "iPhone Developer";
				COPY_PHASE_STRIP = NO;
				DEBUG_INFORMATION_FORMAT = dwarf;
				ENABLE_STRICT_OBJC_MSGSEND = YES;
				ENABLE_TESTABILITY = YES;
				GCC_C_LANGUAGE_STANDARD = gnu11;
				GCC_DYNAMIC_NO_PIC = NO;
				GCC_NO_COMMON_BLOCKS = YES;
				GCC_OPTIMIZATION_LEVEL = 0;
				GCC_PREPROCESSOR_DEFINITIONS = (
					"DEBUG=1",
					"$(inherited)",
				);
				GCC_WARN_64_TO_32_BIT_CONVERSION = YES;
				GCC_WARN_ABOUT_RETURN_TYPE = YES_ERROR;
				GCC_WARN_UNDECLARED_SELECTOR = YES;
				GCC_WARN_UNINITIALIZED_AUTOS = YES_AGGRESSIVE;
				GCC_WARN_UNUSED_FUNCTION = YES;
				GCC_WARN_UNUSED_VARIABLE = YES;
				IPHONEOS_DEPLOYMENT_TARGET = 12.2;
				MTL_ENABLE_DEBUG_INFO = INCLUDE_SOURCE;
				MTL_FAST_MATH = YES;
				ONLY_ACTIVE_ARCH = YES;
				SDKROOT = iphoneos;
				SWIFT_ACTIVE_COMPILATION_CONDITIONS = DEBUG;
				SWIFT_OPTIMIZATION_LEVEL = "-Onone";
			};
			name = Debug;
		};
		30E8B588228F995F00C92546 /* Release */ = {
			isa = XCBuildConfiguration;
			buildSettings = {
				ALWAYS_SEARCH_USER_PATHS = NO;
				CLANG_ANALYZER_NONNULL = YES;
				CLANG_ANALYZER_NUMBER_OBJECT_CONVERSION = YES_AGGRESSIVE;
				CLANG_CXX_LANGUAGE_STANDARD = "gnu++14";
				CLANG_CXX_LIBRARY = "libc++";
				CLANG_ENABLE_MODULES = YES;
				CLANG_ENABLE_OBJC_ARC = YES;
				CLANG_ENABLE_OBJC_WEAK = YES;
				CLANG_WARN_BLOCK_CAPTURE_AUTORELEASING = YES;
				CLANG_WARN_BOOL_CONVERSION = YES;
				CLANG_WARN_COMMA = YES;
				CLANG_WARN_CONSTANT_CONVERSION = YES;
				CLANG_WARN_DEPRECATED_OBJC_IMPLEMENTATIONS = YES;
				CLANG_WARN_DIRECT_OBJC_ISA_USAGE = YES_ERROR;
				CLANG_WARN_DOCUMENTATION_COMMENTS = YES;
				CLANG_WARN_EMPTY_BODY = YES;
				CLANG_WARN_ENUM_CONVERSION = YES;
				CLANG_WARN_INFINITE_RECURSION = YES;
				CLANG_WARN_INT_CONVERSION = YES;
				CLANG_WARN_NON_LITERAL_NULL_CONVERSION = YES;
				CLANG_WARN_OBJC_IMPLICIT_RETAIN_SELF = YES;
				CLANG_WARN_OBJC_LITERAL_CONVERSION = YES;
				CLANG_WARN_OBJC_ROOT_CLASS = YES_ERROR;
				CLANG_WARN_RANGE_LOOP_ANALYSIS = YES;
				CLANG_WARN_STRICT_PROTOTYPES = YES;
				CLANG_WARN_SUSPICIOUS_MOVE = YES;
				CLANG_WARN_UNGUARDED_AVAILABILITY = YES_AGGRESSIVE;
				CLANG_WARN_UNREACHABLE_CODE = YES;
				CLANG_WARN__DUPLICATE_METHOD_MATCH = YES;
				CODE_SIGN_IDENTITY = "iPhone Developer";
				COPY_PHASE_STRIP = NO;
				DEBUG_INFORMATION_FORMAT = "dwarf-with-dsym";
				ENABLE_NS_ASSERTIONS = NO;
				ENABLE_STRICT_OBJC_MSGSEND = YES;
				GCC_C_LANGUAGE_STANDARD = gnu11;
				GCC_NO_COMMON_BLOCKS = YES;
				GCC_WARN_64_TO_32_BIT_CONVERSION = YES;
				GCC_WARN_ABOUT_RETURN_TYPE = YES_ERROR;
				GCC_WARN_UNDECLARED_SELECTOR = YES;
				GCC_WARN_UNINITIALIZED_AUTOS = YES_AGGRESSIVE;
				GCC_WARN_UNUSED_FUNCTION = YES;
				GCC_WARN_UNUSED_VARIABLE = YES;
				IPHONEOS_DEPLOYMENT_TARGET = 12.2;
				MTL_ENABLE_DEBUG_INFO = NO;
				MTL_FAST_MATH = YES;
				SDKROOT = iphoneos;
				SWIFT_COMPILATION_MODE = wholemodule;
				SWIFT_OPTIMIZATION_LEVEL = "-O";
				VALIDATE_PRODUCT = YES;
			};
			name = Release;
		};
		30E8B58A228F995F00C92546 /* Debug */ = {
			isa = XCBuildConfiguration;
			buildSettings = {
				ASSETCATALOG_COMPILER_APPICON_NAME = AppIcon;
				CODE_SIGN_STYLE = Automatic;
				DEVELOPMENT_TEAM = 7GA666ZK2D;
				INFOPLIST_FILE = cityTable/Info.plist;
				LD_RUNPATH_SEARCH_PATHS = (
					"$(inherited)",
					"@executable_path/Frameworks",
				);
				PRODUCT_BUNDLE_IDENTIFIER = JackyXiangcheng.cityTable;
				PRODUCT_NAME = "$(TARGET_NAME)";
				SWIFT_VERSION = 5.0;
				TARGETED_DEVICE_FAMILY = "1,2";
			};
			name = Debug;
		};
		30E8B58B228F995F00C92546 /* Release */ = {
			isa = XCBuildConfiguration;
			buildSettings = {
				ASSETCATALOG_COMPILER_APPICON_NAME = AppIcon;
				CODE_SIGN_STYLE = Automatic;
				DEVELOPMENT_TEAM = 7GA666ZK2D;
				INFOPLIST_FILE = cityTable/Info.plist;
				LD_RUNPATH_SEARCH_PATHS = (
					"$(inherited)",
					"@executable_path/Frameworks",
				);
				PRODUCT_BUNDLE_IDENTIFIER = JackyXiangcheng.cityTable;
				PRODUCT_NAME = "$(TARGET_NAME)";
				SWIFT_VERSION = 5.0;
				TARGETED_DEVICE_FAMILY = "1,2";
			};
			name = Release;
		};
/* End XCBuildConfiguration section */

/* Begin XCConfigurationList section */
		30E8B56F228F995F00C92546 /* Build configuration list for PBXProject "cityTable" */ = {
			isa = XCConfigurationList;
			buildConfigurations = (
				30E8B587228F995F00C92546 /* Debug */,
				30E8B588228F995F00C92546 /* Release */,
			);
			defaultConfigurationIsVisible = 0;
			defaultConfigurationName = Release;
		};
		30E8B589228F995F00C92546 /* Build configuration list for PBXNativeTarget "cityTable" */ = {
			isa = XCConfigurationList;
			buildConfigurations = (
				30E8B58A228F995F00C92546 /* Debug */,
				30E8B58B228F995F00C92546 /* Release */,
			);
			defaultConfigurationIsVisible = 0;
			defaultConfigurationName = Release;
		};
/* End XCConfigurationList section */

/* Begin XCVersionGroup section */
		30E8B57E228F995F00C92546 /* cityTable.xcdatamodeld */ = {
			isa = XCVersionGroup;
			children = (
				30E8B57F228F995F00C92546 /* cityTable.xcdatamodel */,
			);
			currentVersion = 30E8B57F228F995F00C92546 /* cityTable.xcdatamodel */;
			path = cityTable.xcdatamodeld;
			sourceTree = "<group>";
			versionGroupType = wrapper.xcdatamodel;
		};
/* End XCVersionGroup section */
	};
	rootObject = 30E8B56C228F995F00C92546 /* Project object */;
}
